PODS:
  - Alamofire (5.4.1)
  - AlamofireImage (4.1.0):
    - Alamofire (~> 5.1)
  - AppAuth (1.4.0):
    - AppAuth/Core (= 1.4.0)
    - AppAuth/ExternalUserAgent (= 1.4.0)
  - AppAuth/Core (1.4.0)
  - AppAuth/ExternalUserAgent (1.4.0)
  - GoogleSignIn (5.0.2):
    - AppAuth (~> 1.2)
    - GTMAppAuth (~> 1.0)
    - GTMSessionFetcher/Core (~> 1.1)
  - GTMAppAuth (1.1.0):
    - AppAuth/Core (~> 1.4)
    - GTMSessionFetcher (~> 1.4)
  - GTMSessionFetcher (1.5.0):
    - GTMSessionFetcher/Full (= 1.5.0)
  - GTMSessionFetcher/Core (1.5.0)
  - GTMSessionFetcher/Full (1.5.0):
    - GTMSessionFetcher/Core (= 1.5.0)
  - IQKeyboardManagerSwift (6.5.6)
  - SCLAlertView (0.8)
  - SwiftyJSON (4.3.0)
  - SwipeableTabBarController (3.3.0)
  - ViewAnimator (3.0.2)

DEPENDENCIES:
  - Alamofire (~> 5.2)
  - AlamofireImage (~> 4.1)
  - GoogleSignIn
  - IQKeyboardManagerSwift
  - SCLAlertView
  - SwiftyJSON (~> 4.0)
  - SwipeableTabBarController
  - ViewAnimator

SPEC REPOS:
  trunk:
    - Alamofire
    - AlamofireImage
    - AppAuth
    - GoogleSignIn
    - GTMAppAuth
    - GTMSessionFetcher
    - IQKeyboardManagerSwift
    - SCLAlertView
    - SwiftyJSON
    - SwipeableTabBarController
    - ViewAnimator

SPEC CHECKSUMS:
  Alamofire: 2291f7d21ca607c491dd17642e5d40fdcda0e65c
  AlamofireImage: c4a2ba349885fb3064feb74d2e547bd42ce9be10
  AppAuth: 31bcec809a638d7bd2f86ea8a52bd45f6e81e7c7
  GoogleSignIn: 7137d297ddc022a7e0aa4619c86d72c909fa7213
  GTMAppAuth: 197a8dabfea5d665224aa00d17f164fc2248dab9
  GTMSessionFetcher: b3503b20a988c4e20cc189aa798fd18220133f52
  IQKeyboardManagerSwift: c7df9d2deb356c04522f5c4b7b6e4ce4d8ed94fe
  SCLAlertView: 6a77bb2edfc65e04dbe57725546cb4107a506b85
  SwiftyJSON: 6faa0040f8b59dead0ee07436cbf76b73c08fd08
  SwipeableTabBarController: c815145a8d8f880d1a329044e5cf6e99c1c973e7
  ViewAnimator: 16435576cd44fca0b0d63147d5031fd3e91d295a

PODFILE CHECKSUM: 1b2318b7ed9f727a838d88b9aae9777e3442ee7e

COCOAPODS: 1.10.1
